
Microsoft Visual Studio Solution File, Format Version 12.00
# Visual Studio Version 17
VisualStudioVersion = 17.7.34003.232
MinimumVisualStudioVersion = 10.0.40219.1
Project("{FAE04EC0-301F-11D3-BF4B-00C04F79EFBC}") = "Class(Again)", "Class(Again)\Class(Again).csproj", "{6EFBBCD5-05DB-4388-A0C8-4D92707FCB98}"
EndProject
Global
	GlobalSection(SolutionConfigurationPlatforms) = preSolution
		Debug|Any CPU = Debug|Any CPU
		Release|Any CPU = Release|Any CPU
	EndGlobalSection
	GlobalSection(ProjectConfigurationPlatforms) = postSolution
		{6EFBBCD5-05DB-4388-A0C8-4D92707FCB98}.Debug|Any CPU.ActiveCfg = Debug|Any CPU
		{6EFBBCD5-05DB-4388-A0C8-4D92707FCB98}.Debug|Any CPU.Build.0 = Debug|Any CPU
		{6EFBBCD5-05DB-4388-A0C8-4D92707FCB98}.Release|Any CPU.ActiveCfg = Release|Any CPU
		{6EFBBCD5-05DB-4388-A0C8-4D92707FCB98}.Release|Any CPU.Build.0 = Release|Any CPU
	EndGlobalSection
	GlobalSection(SolutionProperties) = preSolution
		HideSolutionNode = FALSE
	EndGlobalSection
	GlobalSection(ExtensibilityGlobals) = postSolution
		SolutionGuid = {4EEBB90E-0BB0-44AA-AE03-C4CD1471C9C9}
	EndGlobalSection
EndGlobal
